// !$*UTF8*$!
{
	archiveVersion = 1;
	classes = {
	};
	objectVersion = 46;
	objects = {

/* Begin PBXBuildFile section */
		1F7E3AB7B32D077A11739283 /* libPods-caipudaquan.a in Frameworks */ = {isa = PBXBuildFile; fileRef = 5346F37A460F1CB625AF1A6F /* libPods-caipudaquan.a */; };
		EC286A1F1ED960BF0026D293 /* category_hot.plist in Resources */ = {isa = PBXBuildFile; fileRef = EC286A1E1ED960BF0026D293 /* category_hot.plist */; };
		EC286A231ED96A7D0026D293 /* CategoryModel.m in Sources */ = {isa = PBXBuildFile; fileRef = EC286A221ED96A7D0026D293 /* CategoryModel.m */; };
		EC286A271ED976A40026D293 /* NSArray+Category.m in Sources */ = {isa = PBXBuildFile; fileRef = EC286A261ED976A40026D293 /* NSArray+Category.m */; };
		EC286A2B1ED978320026D293 /* CategoryButton.m in Sources */ = {isa = PBXBuildFile; fileRef = EC286A2A1ED978320026D293 /* CategoryButton.m */; };
		EC28B8811ED02F5E00E9A052 /* main.m in Sources */ = {isa = PBXBuildFile; fileRef = EC28B8801ED02F5E00E9A052 /* main.m */; };
		EC28B8841ED02F5E00E9A052 /* AppDelegate.m in Sources */ = {isa = PBXBuildFile; fileRef = EC28B8831ED02F5E00E9A052 /* AppDelegate.m */; };
		EC28B88C1ED02F5E00E9A052 /* Assets.xcassets in Resources */ = {isa = PBXBuildFile; fileRef = EC28B88B1ED02F5E00E9A052 /* Assets.xcassets */; };
		EC28B88F1ED02F5E00E9A052 /* LaunchScreen.storyboard in Resources */ = {isa = PBXBuildFile; fileRef = EC28B88D1ED02F5E00E9A052 /* LaunchScreen.storyboard */; };
		EC28B8981ED12E8300E9A052 /* MoreViewController.m in Sources */ = {isa = PBXBuildFile; fileRef = EC28B8971ED12E8300E9A052 /* MoreViewController.m */; };
		EC28B89B1ED12E9C00E9A052 /* ClassifyViewController.m in Sources */ = {isa = PBXBuildFile; fileRef = EC28B89A1ED12E9C00E9A052 /* ClassifyViewController.m */; };
		EC28B89E1ED12EB800E9A052 /* HomeViewController.m in Sources */ = {isa = PBXBuildFile; fileRef = EC28B89D1ED12EB800E9A052 /* HomeViewController.m */; };
		EC28B8A51ED1710200E9A052 /* CollectionViewFlowLayout.m in Sources */ = {isa = PBXBuildFile; fileRef = EC28B8A41ED1710200E9A052 /* CollectionViewFlowLayout.m */; };
		EC28B8A91ED17BC100E9A052 /* LeftTableViewCell.m in Sources */ = {isa = PBXBuildFile; fileRef = EC28B8A81ED17BC100E9A052 /* LeftTableViewCell.m */; };
		EC28B8AC1ED17EA600E9A052 /* CollectionViewCell.m in Sources */ = {isa = PBXBuildFile; fileRef = EC28B8AB1ED17EA600E9A052 /* CollectionViewCell.m */; };
		EC28B8B21ED17FED00E9A052 /* CollectionViewHeaderView.m in Sources */ = {isa = PBXBuildFile; fileRef = EC28B8B01ED17FED00E9A052 /* CollectionViewHeaderView.m */; };
		EC28B8B71ED185B200E9A052 /* NSObject+Property.m in Sources */ = {isa = PBXBuildFile; fileRef = EC28B8B61ED185B200E9A052 /* NSObject+Property.m */; };
		EC28B8BB1ED1B00200E9A052 /* fenlei.txt in Resources */ = {isa = PBXBuildFile; fileRef = EC28B8B81ED1B00200E9A052 /* fenlei.txt */; };
		EC28B8BC1ED1B00200E9A052 /* homeData.txt in Resources */ = {isa = PBXBuildFile; fileRef = EC28B8B91ED1B00200E9A052 /* homeData.txt */; };
		EC28B8BD1ED1B00200E9A052 /* shicai.txt in Resources */ = {isa = PBXBuildFile; fileRef = EC28B8BA1ED1B00200E9A052 /* shicai.txt */; };
		EC28B8C81ED1EEA700E9A052 /* DVSwitch.m in Sources */ = {isa = PBXBuildFile; fileRef = EC28B8C71ED1EEA700E9A052 /* DVSwitch.m */; };
		EC28B8D11ED2940600E9A052 /* CategoryView.m in Sources */ = {isa = PBXBuildFile; fileRef = EC28B8D01ED2940600E9A052 /* CategoryView.m */; };
		EC28B8D41ED2941400E9A052 /* FoodView.m in Sources */ = {isa = PBXBuildFile; fileRef = EC28B8D31ED2941400E9A052 /* FoodView.m */; };
		EC28B8D91ED3377D00E9A052 /* SearchViewController.m in Sources */ = {isa = PBXBuildFile; fileRef = EC28B8D81ED3377D00E9A052 /* SearchViewController.m */; };
		EC28B8ED1ED4297200E9A052 /* CFNetwork.framework in Frameworks */ = {isa = PBXBuildFile; fileRef = EC28B8EC1ED4297200E9A052 /* CFNetwork.framework */; };
		EC28B8EF1ED4298600E9A052 /* SystemConfiguration.framework in Frameworks */ = {isa = PBXBuildFile; fileRef = EC28B8EE1ED4298600E9A052 /* SystemConfiguration.framework */; };
		EC28B8F11ED429C300E9A052 /* Security.framework in Frameworks */ = {isa = PBXBuildFile; fileRef = EC28B8F01ED429C300E9A052 /* Security.framework */; };
		EC28B8F31ED429D100E9A052 /* MobileCoreServices.framework in Frameworks */ = {isa = PBXBuildFile; fileRef = EC28B8F21ED429D100E9A052 /* MobileCoreServices.framework */; };
		EC28B9061ED42D2400E9A052 /* AFHTTPSessionManager.m in Sources */ = {isa = PBXBuildFile; fileRef = EC28B8FA1ED42D2400E9A052 /* AFHTTPSessionManager.m */; };
		EC28B9071ED42D2400E9A052 /* AFNetworkReachabilityManager.m in Sources */ = {isa = PBXBuildFile; fileRef = EC28B8FD1ED42D2400E9A052 /* AFNetworkReachabilityManager.m */; };
		EC28B9081ED42D2400E9A052 /* AFSecurityPolicy.m in Sources */ = {isa = PBXBuildFile; fileRef = EC28B8FF1ED42D2400E9A052 /* AFSecurityPolicy.m */; };
		EC28B9091ED42D2400E9A052 /* AFURLRequestSerialization.m in Sources */ = {isa = PBXBuildFile; fileRef = EC28B9011ED42D2400E9A052 /* AFURLRequestSerialization.m */; };
		EC28B90A1ED42D2400E9A052 /* AFURLResponseSerialization.m in Sources */ = {isa = PBXBuildFile; fileRef = EC28B9031ED42D2400E9A052 /* AFURLResponseSerialization.m */; };
		EC28B90B1ED42D2400E9A052 /* AFURLSessionManager.m in Sources */ = {isa = PBXBuildFile; fileRef = EC28B9051ED42D2400E9A052 /* AFURLSessionManager.m */; };
		EC28B9211ED42D4D00E9A052 /* AFAutoPurgingImageCache.m in Sources */ = {isa = PBXBuildFile; fileRef = EC28B90E1ED42D4D00E9A052 /* AFAutoPurgingImageCache.m */; };
		EC28B9221ED42D4D00E9A052 /* AFImageDownloader.m in Sources */ = {isa = PBXBuildFile; fileRef = EC28B9101ED42D4D00E9A052 /* AFImageDownloader.m */; };
		EC28B9231ED42D4D00E9A052 /* AFNetworkActivityIndicatorManager.m in Sources */ = {isa = PBXBuildFile; fileRef = EC28B9121ED42D4D00E9A052 /* AFNetworkActivityIndicatorManager.m */; };
		EC28B9241ED42D4D00E9A052 /* UIActivityIndicatorView+AFNetworking.m in Sources */ = {isa = PBXBuildFile; fileRef = EC28B9141ED42D4D00E9A052 /* UIActivityIndicatorView+AFNetworking.m */; };
		EC28B9251ED42D4D00E9A052 /* UIButton+AFNetworking.m in Sources */ = {isa = PBXBuildFile; fileRef = EC28B9161ED42D4D00E9A052 /* UIButton+AFNetworking.m */; };
		EC28B9261ED42D4D00E9A052 /* UIImageView+AFNetworking.m in Sources */ = {isa = PBXBuildFile; fileRef = EC28B9191ED42D4D00E9A052 /* UIImageView+AFNetworking.m */; };
		EC28B9271ED42D4D00E9A052 /* UIProgressView+AFNetworking.m in Sources */ = {isa = PBXBuildFile; fileRef = EC28B91C1ED42D4D00E9A052 /* UIProgressView+AFNetworking.m */; };
		EC28B9281ED42D4D00E9A052 /* UIRefreshControl+AFNetworking.m in Sources */ = {isa = PBXBuildFile; fileRef = EC28B91E1ED42D4D00E9A052 /* UIRefreshControl+AFNetworking.m */; };
		EC28B9291ED42D4D00E9A052 /* UIWebView+AFNetworking.m in Sources */ = {isa = PBXBuildFile; fileRef = EC28B9201ED42D4D00E9A052 /* UIWebView+AFNetworking.m */; };
		EC28B92C1ED42D5800E9A052 /* AFAppDotNetAPIClient.m in Sources */ = {isa = PBXBuildFile; fileRef = EC28B92B1ED42D5800E9A052 /* AFAppDotNetAPIClient.m */; };
		EC28B9C81ED6889C00E9A052 /* TAAbstractDotView.m in Sources */ = {isa = PBXBuildFile; fileRef = EC28B9BB1ED6889C00E9A052 /* TAAbstractDotView.m */; };
		EC28B9C91ED6889C00E9A052 /* TAAnimatedDotView.m in Sources */ = {isa = PBXBuildFile; fileRef = EC28B9BD1ED6889C00E9A052 /* TAAnimatedDotView.m */; };
		EC28B9CA1ED6889C00E9A052 /* TADotView.m in Sources */ = {isa = PBXBuildFile; fileRef = EC28B9BF1ED6889C00E9A052 /* TADotView.m */; };
		EC28B9CB1ED6889C00E9A052 /* TAPageControl.m in Sources */ = {isa = PBXBuildFile; fileRef = EC28B9C11ED6889C00E9A052 /* TAPageControl.m */; };
		EC28B9CC1ED6889C00E9A052 /* SDCollectionViewCell.m in Sources */ = {isa = PBXBuildFile; fileRef = EC28B9C31ED6889C00E9A052 /* SDCollectionViewCell.m */; };
		EC28B9CD1ED6889C00E9A052 /* SDCycleScrollView.m in Sources */ = {isa = PBXBuildFile; fileRef = EC28B9C51ED6889C00E9A052 /* SDCycleScrollView.m */; };
		EC28B9CE1ED6889C00E9A052 /* UIView+SDExtension.m in Sources */ = {isa = PBXBuildFile; fileRef = EC28B9C71ED6889C00E9A052 /* UIView+SDExtension.m */; };
		EC28B9DA1ED6896800E9A052 /* 005.jpg in Resources */ = {isa = PBXBuildFile; fileRef = EC28B9D01ED6896800E9A052 /* 005.jpg */; };
		EC28B9DB1ED6896800E9A052 /* h1.jpg in Resources */ = {isa = PBXBuildFile; fileRef = EC28B9D11ED6896800E9A052 /* h1.jpg */; };
		EC28B9DC1ED6896800E9A052 /* h2.jpg in Resources */ = {isa = PBXBuildFile; fileRef = EC28B9D21ED6896800E9A052 /* h2.jpg */; };
		EC28B9DD1ED6896800E9A052 /* h3.jpg in Resources */ = {isa = PBXBuildFile; fileRef = EC28B9D31ED6896800E9A052 /* h3.jpg */; };
		EC28B9DE1ED6896800E9A052 /* h4.jpg in Resources */ = {isa = PBXBuildFile; fileRef = EC28B9D41ED6896800E9A052 /* h4.jpg */; };
		EC28B9DF1ED6896800E9A052 /* pageControlCurrentDot@2x.png in Resources */ = {isa = PBXBuildFile; fileRef = EC28B9D51ED6896800E9A052 /* pageControlCurrentDot@2x.png */; };
		EC28B9E01ED6896800E9A052 /* pageControlCurrentDot@3x.png in Resources */ = {isa = PBXBuildFile; fileRef = EC28B9D61ED6896800E9A052 /* pageControlCurrentDot@3x.png */; };
		EC28B9E11ED6896800E9A052 /* pageControlDot@2x.png in Resources */ = {isa = PBXBuildFile; fileRef = EC28B9D71ED6896800E9A052 /* pageControlDot@2x.png */; };
		EC28B9E21ED6896800E9A052 /* pageControlDot@3x.png in Resources */ = {isa = PBXBuildFile; fileRef = EC28B9D81ED6896800E9A052 /* pageControlDot@3x.png */; };
		EC28B9E31ED6896800E9A052 /* placeholder@2x.png in Resources */ = {isa = PBXBuildFile; fileRef = EC28B9D91ED6896800E9A052 /* placeholder@2x.png */; };
		EC28BA091ED6C88200E9A052 /* HomeCollectionViewCell.m in Sources */ = {isa = PBXBuildFile; fileRef = EC28BA081ED6C88200E9A052 /* HomeCollectionViewCell.m */; };
		EC2DA5EB1F00DA8A0060F043 /* CPTabBarController.m in Sources */ = {isa = PBXBuildFile; fileRef = EC2DA5EA1F00DA8A0060F043 /* CPTabBarController.m */; };
		EC2DA5EE1F00E26D0060F043 /* CPNavigationController.m in Sources */ = {isa = PBXBuildFile; fileRef = EC2DA5ED1F00E26D0060F043 /* CPNavigationController.m */; };
		EC2DA5F21F00F9090060F043 /* HomeHeaderView.m in Sources */ = {isa = PBXBuildFile; fileRef = EC2DA5F11F00F9090060F043 /* HomeHeaderView.m */; };
		EC2DA6221F024EAA0060F043 /* CPTabBar.m in Sources */ = {isa = PBXBuildFile; fileRef = EC2DA6211F024EAA0060F043 /* CPTabBar.m */; };
		EC6A55161EDE6C1A0084D152 /* CookbookModel.m in Sources */ = {isa = PBXBuildFile; fileRef = EC6A55151EDE6C1A0084D152 /* CookbookModel.m */; };
		EC6A55181EDE6F210084D152 /* cookbook.plist in Resources */ = {isa = PBXBuildFile; fileRef = EC6A55171EDE6F210084D152 /* cookbook.plist */; };
		EC6A55421EDFBB180084D152 /* DetailViewController.m in Sources */ = {isa = PBXBuildFile; fileRef = EC6A55411EDFBB180084D152 /* DetailViewController.m */; };
		EC6A55451EDFECFB0084D152 /* UIBarButtonItem+Extension.m in Sources */ = {isa = PBXBuildFile; fileRef = EC6A55441EDFECFB0084D152 /* UIBarButtonItem+Extension.m */; };
		EC6A55511EE152700084D152 /* SearchViewHeader.m in Sources */ = {isa = PBXBuildFile; fileRef = EC6A55501EE152700084D152 /* SearchViewHeader.m */; };
		EC6A55541EE5410B0084D152 /* SearchSectionHeader.m in Sources */ = {isa = PBXBuildFile; fileRef = EC6A55531EE5410B0084D152 /* SearchSectionHeader.m */; };
		EC6A55831EE64F9D0084D152 /* searchlist.txt in Resources */ = {isa = PBXBuildFile; fileRef = EC6A55821EE64F9D0084D152 /* searchlist.txt */; };
		EC6A55C91EE6A6D10084D152 /* SearchResultTableViewCell.m in Sources */ = {isa = PBXBuildFile; fileRef = EC6A55C81EE6A6D10084D152 /* SearchResultTableViewCell.m */; };
		EC7058171EE7F66D00EE746F /* SearchResultCell.m in Sources */ = {isa = PBXBuildFile; fileRef = EC7058151EE7F66D00EE746F /* SearchResultCell.m */; };
		EC7058181EE7F66D00EE746F /* SearchResultCell.xib in Resources */ = {isa = PBXBuildFile; fileRef = EC7058161EE7F66D00EE746F /* SearchResultCell.xib */; };
		ECD417141F050853007F2D50 /* JHUD.m in Sources */ = {isa = PBXBuildFile; fileRef = ECD4170D1F050853007F2D50 /* JHUD.m */; };
		ECD417151F050853007F2D50 /* JHUDAnimationView.m in Sources */ = {isa = PBXBuildFile; fileRef = ECD4170F1F050853007F2D50 /* JHUDAnimationView.m */; };
		ECD417161F050853007F2D50 /* UIImage+JHUD.m in Sources */ = {isa = PBXBuildFile; fileRef = ECD417111F050853007F2D50 /* UIImage+JHUD.m */; };
		ECD417171F050853007F2D50 /* UIView+JHUD.m in Sources */ = {isa = PBXBuildFile; fileRef = ECD417131F050853007F2D50 /* UIView+JHUD.m */; };
/* End PBXBuildFile section */

/* Begin PBXFileReference section */
		5346F37A460F1CB625AF1A6F /* libPods-caipudaquan.a */ = {isa = PBXFileReference; explicitFileType = archive.ar; includeInIndex = 0; path = "libPods-caipudaquan.a"; sourceTree = BUILT_PRODUCTS_DIR; };
		A116402BC4359FABAFFAD0A6 /* Pods-caipudaquan.release.xcconfig */ = {isa = PBXFileReference; includeInIndex = 1; lastKnownFileType = text.xcconfig; name = "Pods-caipudaquan.release.xcconfig"; path = "Pods/Target Support Files/Pods-caipudaquan/Pods-caipudaquan.release.xcconfig"; sourceTree = "<group>"; };
		B10185AE0DF27DAF42E04B02 /* Pods-caipudaquan.debug.xcconfig */ = {isa = PBXFileReference; includeInIndex = 1; lastKnownFileType = text.xcconfig; name = "Pods-caipudaquan.debug.xcconfig"; path = "Pods/Target Support Files/Pods-caipudaquan/Pods-caipudaquan.debug.xcconfig"; sourceTree = "<group>"; };
		EC286A1E1ED960BF0026D293 /* category_hot.plist */ = {isa = PBXFileReference; fileEncoding = 4; lastKnownFileType = text.plist.xml; path = category_hot.plist; sourceTree = "<group>"; };
		EC286A211ED96A7D0026D293 /* CategoryModel.h */ = {isa = PBXFileReference; fileEncoding = 4; lastKnownFileType = sourcecode.c.h; path = CategoryModel.h; sourceTree = "<group>"; };
		EC286A221ED96A7D0026D293 /* CategoryModel.m */ = {isa = PBXFileReference; fileEncoding = 4; lastKnownFileType = sourcecode.c.objc; path = CategoryModel.m; sourceTree = "<group>"; };
		EC286A251ED976A40026D293 /* NSArray+Category.h */ = {isa = PBXFileReference; fileEncoding = 4; lastKnownFileType = sourcecode.c.h; path = "NSArray+Category.h"; sourceTree = "<group>"; };
		EC286A261ED976A40026D293 /* NSArray+Category.m */ = {isa = PBXFileReference; fileEncoding = 4; lastKnownFileType = sourcecode.c.objc; path = "NSArray+Category.m"; sourceTree = "<group>"; };
		EC286A291ED978320026D293 /* CategoryButton.h */ = {isa = PBXFileReference; fileEncoding = 4; lastKnownFileType = sourcecode.c.h; path = CategoryButton.h; sourceTree = "<group>"; };
		EC286A2A1ED978320026D293 /* CategoryButton.m */ = {isa = PBXFileReference; fileEncoding = 4; lastKnownFileType = sourcecode.c.objc; path = CategoryButton.m; sourceTree = "<group>"; };
		EC28B87C1ED02F5E00E9A052 /* caipudaquan.app */ = {isa = PBXFileReference; explicitFileType = wrapper.application; includeInIndex = 0; path = caipudaquan.app; sourceTree = BUILT_PRODUCTS_DIR; };
		EC28B8801ED02F5E00E9A052 /* main.m */ = {isa = PBXFileReference; lastKnownFileType = sourcecode.c.objc; path = main.m; sourceTree = "<group>"; };
		EC28B8821ED02F5E00E9A052 /* AppDelegate.h */ = {isa = PBXFileReference; lastKnownFileType = sourcecode.c.h; path = AppDelegate.h; sourceTree = "<group>"; };
		EC28B8831ED02F5E00E9A052 /* AppDelegate.m */ = {isa = PBXFileReference; lastKnownFileType = sourcecode.c.objc; path = AppDelegate.m; sourceTree = "<group>"; };
		EC28B88B1ED02F5E00E9A052 /* Assets.xcassets */ = {isa = PBXFileReference; lastKnownFileType = folder.assetcatalog; path = Assets.xcassets; sourceTree = "<group>"; };
		EC28B88E1ED02F5E00E9A052 /* Base */ = {isa = PBXFileReference; lastKnownFileType = file.storyboard; name = Base; path = Base.lproj/LaunchScreen.storyboard; sourceTree = "<group>"; };
		EC28B8901ED02F5E00E9A052 /* Info.plist */ = {isa = PBXFileReference; lastKnownFileType = text.plist.xml; path = Info.plist; sourceTree = "<group>"; };
		EC28B8961ED12E8300E9A052 /* MoreViewController.h */ = {isa = PBXFileReference; fileEncoding = 4; lastKnownFileType = sourcecode.c.h; path = MoreViewController.h; sourceTree = "<group>"; };
		EC28B8971ED12E8300E9A052 /* MoreViewController.m */ = {isa = PBXFileReference; fileEncoding = 4; lastKnownFileType = sourcecode.c.objc; path = MoreViewController.m; sourceTree = "<group>"; };
		EC28B8991ED12E9C00E9A052 /* ClassifyViewController.h */ = {isa = PBXFileReference; fileEncoding = 4; lastKnownFileType = sourcecode.c.h; path = ClassifyViewController.h; sourceTree = "<group>"; };
		EC28B89A1ED12E9C00E9A052 /* ClassifyViewController.m */ = {isa = PBXFileReference; fileEncoding = 4; lastKnownFileType = sourcecode.c.objc; path = ClassifyViewController.m; sourceTree = "<group>"; };
		EC28B89C1ED12EB800E9A052 /* HomeViewController.h */ = {isa = PBXFileReference; fileEncoding = 4; lastKnownFileType = sourcecode.c.h; path = HomeViewController.h; sourceTree = "<group>"; };
		EC28B89D1ED12EB800E9A052 /* HomeViewController.m */ = {isa = PBXFileReference; fileEncoding = 4; lastKnownFileType = sourcecode.c.objc; path = HomeViewController.m; sourceTree = "<group>"; };
		EC28B8A31ED1710200E9A052 /* CollectionViewFlowLayout.h */ = {isa = PBXFileReference; fileEncoding = 4; lastKnownFileType = sourcecode.c.h; path = CollectionViewFlowLayout.h; sourceTree = "<group>"; };
		EC28B8A41ED1710200E9A052 /* CollectionViewFlowLayout.m */ = {isa = PBXFileReference; fileEncoding = 4; lastKnownFileType = sourcecode.c.objc; path = CollectionViewFlowLayout.m; sourceTree = "<group>"; };
		EC28B8A61ED172F800E9A052 /* PrefixHeader.pch */ = {isa = PBXFileReference; fileEncoding = 4; lastKnownFileType = sourcecode.c.h; path = PrefixHeader.pch; sourceTree = "<group>"; };
		EC28B8A71ED17BC100E9A052 /* LeftTableViewCell.h */ = {isa = PBXFileReference; fileEncoding = 4; lastKnownFileType = sourcecode.c.h; path = LeftTableViewCell.h; sourceTree = "<group>"; };
		EC28B8A81ED17BC100E9A052 /* LeftTableViewCell.m */ = {isa = PBXFileReference; fileEncoding = 4; lastKnownFileType = sourcecode.c.objc; path = LeftTableViewCell.m; sourceTree = "<group>"; };
		EC28B8AA1ED17EA600E9A052 /* CollectionViewCell.h */ = {isa = PBXFileReference; fileEncoding = 4; lastKnownFileType = sourcecode.c.h; path = CollectionViewCell.h; sourceTree = "<group>"; };
		EC28B8AB1ED17EA600E9A052 /* CollectionViewCell.m */ = {isa = PBXFileReference; fileEncoding = 4; lastKnownFileType = sourcecode.c.objc; path = CollectionViewCell.m; sourceTree = "<group>"; };
		EC28B8AF1ED17FED00E9A052 /* CollectionViewHeaderView.h */ = {isa = PBXFileReference; fileEncoding = 4; lastKnownFileType = sourcecode.c.h; path = CollectionViewHeaderView.h; sourceTree = "<group>"; };
		EC28B8B01ED17FED00E9A052 /* CollectionViewHeaderView.m */ = {isa = PBXFileReference; fileEncoding = 4; lastKnownFileType = sourcecode.c.objc; path = CollectionViewHeaderView.m; sourceTree = "<group>"; };
		EC28B8B51ED185B200E9A052 /* NSObject+Property.h */ = {isa = PBXFileReference; fileEncoding = 4; lastKnownFileType = sourcecode.c.h; path = "NSObject+Property.h"; sourceTree = "<group>"; };
		EC28B8B61ED185B200E9A052 /* NSObject+Property.m */ = {isa = PBXFileReference; fileEncoding = 4; lastKnownFileType = sourcecode.c.objc; path = "NSObject+Property.m"; sourceTree = "<group>"; };
		EC28B8B81ED1B00200E9A052 /* fenlei.txt */ = {isa = PBXFileReference; fileEncoding = 4; lastKnownFileType = text; path = fenlei.txt; sourceTree = "<group>"; };
		EC28B8B91ED1B00200E9A052 /* homeData.txt */ = {isa = PBXFileReference; fileEncoding = 4; lastKnownFileType = text; path = homeData.txt; sourceTree = "<group>"; };
		EC28B8BA1ED1B00200E9A052 /* shicai.txt */ = {isa = PBXFileReference; fileEncoding = 4; lastKnownFileType = text; path = shicai.txt; sourceTree = "<group>"; };
		EC28B8C61ED1EEA700E9A052 /* DVSwitch.h */ = {isa = PBXFileReference; fileEncoding = 4; lastKnownFileType = sourcecode.c.h; path = DVSwitch.h; sourceTree = "<group>"; };
		EC28B8C71ED1EEA700E9A052 /* DVSwitch.m */ = {isa = PBXFileReference; fileEncoding = 4; lastKnownFileType = sourcecode.c.objc; path = DVSwitch.m; sourceTree = "<group>"; };
		EC28B8CF1ED2940600E9A052 /* CategoryView.h */ = {isa = PBXFileReference; fileEncoding = 4; lastKnownFileType = sourcecode.c.h; path = CategoryView.h; sourceTree = "<group>"; };
		EC28B8D01ED2940600E9A052 /* CategoryView.m */ = {isa = PBXFileReference; fileEncoding = 4; lastKnownFileType = sourcecode.c.objc; path = CategoryView.m; sourceTree = "<group>"; };
		EC28B8D21ED2941400E9A052 /* FoodView.h */ = {isa = PBXFileReference; fileEncoding = 4; lastKnownFileType = sourcecode.c.h; path = FoodView.h; sourceTree = "<group>"; };
		EC28B8D31ED2941400E9A052 /* FoodView.m */ = {isa = PBXFileReference; fileEncoding = 4; lastKnownFileType = sourcecode.c.objc; path = FoodView.m; sourceTree = "<group>"; };
		EC28B8D61ED3116100E9A052 /* ClassifyProtocol.h */ = {isa = PBXFileReference; fileEncoding = 4; lastKnownFileType = sourcecode.c.h; path = ClassifyProtocol.h; sourceTree = "<group>"; };
		EC28B8D71ED3377D00E9A052 /* SearchViewController.h */ = {isa = PBXFileReference; fileEncoding = 4; lastKnownFileType = sourcecode.c.h; path = SearchViewController.h; sourceTree = "<group>"; };
		EC28B8D81ED3377D00E9A052 /* SearchViewController.m */ = {isa = PBXFileReference; fileEncoding = 4; lastKnownFileType = sourcecode.c.objc; path = SearchViewController.m; sourceTree = "<group>"; };
		EC28B8DA1ED41A0F00E9A052 /* config.h */ = {isa = PBXFileReference; lastKnownFileType = sourcecode.c.h; path = config.h; sourceTree = "<group>"; };
		EC28B8EC1ED4297200E9A052 /* CFNetwork.framework */ = {isa = PBXFileReference; lastKnownFileType = wrapper.framework; name = CFNetwork.framework; path = System/Library/Frameworks/CFNetwork.framework; sourceTree = SDKROOT; };
		EC28B8EE1ED4298600E9A052 /* SystemConfiguration.framework */ = {isa = PBXFileReference; lastKnownFileType = wrapper.framework; name = SystemConfiguration.framework; path = System/Library/Frameworks/SystemConfiguration.framework; sourceTree = SDKROOT; };
		EC28B8F01ED429C300E9A052 /* Security.framework */ = {isa = PBXFileReference; lastKnownFileType = wrapper.framework; name = Security.framework; path = System/Library/Frameworks/Security.framework; sourceTree = SDKROOT; };
		EC28B8F21ED429D100E9A052 /* MobileCoreServices.framework */ = {isa = PBXFileReference; lastKnownFileType = wrapper.framework; name = MobileCoreServices.framework; path = System/Library/Frameworks/MobileCoreServices.framework; sourceTree = SDKROOT; };
		EC28B8F41ED42BD800E9A052 /* libz.tbd */ = {isa = PBXFileReference; lastKnownFileType = "sourcecode.text-based-dylib-definition"; name = libz.tbd; path = usr/lib/libz.tbd; sourceTree = SDKROOT; };
		EC28B8F61ED42BEC00E9A052 /* libc++.tbd */ = {isa = PBXFileReference; lastKnownFileType = "sourcecode.text-based-dylib-definition"; name = "libc++.tbd"; path = "usr/lib/libc++.tbd"; sourceTree = SDKROOT; };
		EC28B8F91ED42D2400E9A052 /* AFHTTPSessionManager.h */ = {isa = PBXFileReference; fileEncoding = 4; lastKnownFileType = sourcecode.c.h; name = AFHTTPSessionManager.h; path = AFNetworking/AFHTTPSessionManager.h; sourceTree = "<group>"; };
		EC28B8FA1ED42D2400E9A052 /* AFHTTPSessionManager.m */ = {isa = PBXFileReference; fileEncoding = 4; lastKnownFileType = sourcecode.c.objc; name = AFHTTPSessionManager.m; path = AFNetworking/AFHTTPSessionManager.m; sourceTree = "<group>"; };
		EC28B8FB1ED42D2400E9A052 /* AFNetworking.h */ = {isa = PBXFileReference; fileEncoding = 4; lastKnownFileType = sourcecode.c.h; name = AFNetworking.h; path = AFNetworking/AFNetworking.h; sourceTree = "<group>"; };
		EC28B8FC1ED42D2400E9A052 /* AFNetworkReachabilityManager.h */ = {isa = PBXFileReference; fileEncoding = 4; lastKnownFileType = sourcecode.c.h; name = AFNetworkReachabilityManager.h; path = AFNetworking/AFNetworkReachabilityManager.h; sourceTree = "<group>"; };
		EC28B8FD1ED42D2400E9A052 /* AFNetworkReachabilityManager.m */ = {isa = PBXFileReference; fileEncoding = 4; lastKnownFileType = sourcecode.c.objc; name = AFNetworkReachabilityManager.m; path = AFNetworking/AFNetworkReachabilityManager.m; sourceTree = "<group>"; };
		EC28B8FE1ED42D2400E9A052 /* AFSecurityPolicy.h */ = {isa = PBXFileReference; fileEncoding = 4; lastKnownFileType = sourcecode.c.h; name = AFSecurityPolicy.h; path = AFNetworking/AFSecurityPolicy.h; sourceTree = "<group>"; };
		EC28B8FF1ED42D2400E9A052 /* AFSecurityPolicy.m */ = {isa = PBXFileReference; fileEncoding = 4; lastKnownFileType = sourcecode.c.objc; name = AFSecurityPolicy.m; path = AFNetworking/AFSecurityPolicy.m; sourceTree = "<group>"; };
		EC28B9001ED42D2400E9A052 /* AFURLRequestSerialization.h */ = {isa = PBXFileReference; fileEncoding = 4; lastKnownFileType = sourcecode.c.h; name = AFURLRequestSerialization.h; path = AFNetworking/AFURLRequestSerialization.h; sourceTree = "<group>"; };
		EC28B9011ED42D2400E9A052 /* AFURLRequestSerialization.m */ = {isa = PBXFileReference; fileEncoding = 4; lastKnownFileType = sourcecode.c.objc; name = AFURLRequestSerialization.m; path = AFNetworking/AFURLRequestSerialization.m; sourceTree = "<group>"; };
		EC28B9021ED42D2400E9A052 /* AFURLResponseSerialization.h */ = {isa = PBXFileReference; fileEncoding = 4; lastKnownFileType = sourcecode.c.h; name = AFURLResponseSerialization.h; path = AFNetworking/AFURLResponseSerialization.h; sourceTree = "<group>"; };
		EC28B9031ED42D2400E9A052 /* AFURLResponseSerialization.m */ = {isa = PBXFileReference; fileEncoding = 4; lastKnownFileType = sourcecode.c.objc; name = AFURLResponseSerialization.m; path = AFNetworking/AFURLResponseSerialization.m; sourceTree = "<group>"; };
		EC28B9041ED42D2400E9A052 /* AFURLSessionManager.h */ = {isa = PBXFileReference; fileEncoding = 4; lastKnownFileType = sourcecode.c.h; name = AFURLSessionManager.h; path = AFNetworking/AFURLSessionManager.h; sourceTree = "<group>"; };
		EC28B9051ED42D2400E9A052 /* AFURLSessionManager.m */ = {isa = PBXFileReference; fileEncoding = 4; lastKnownFileType = sourcecode.c.objc; name = AFURLSessionManager.m; path = AFNetworking/AFURLSessionManager.m; sourceTree = "<group>"; };
		EC28B90D1ED42D4D00E9A052 /* AFAutoPurgingImageCache.h */ = {isa = PBXFileReference; fileEncoding = 4; lastKnownFileType = sourcecode.c.h; name = AFAutoPurgingImageCache.h; path = "UIKit+AFNetworking/AFAutoPurgingImageCache.h"; sourceTree = "<group>"; };
		EC28B90E1ED42D4D00E9A052 /* AFAutoPurgingImageCache.m */ = {isa = PBXFileReference; fileEncoding = 4; lastKnownFileType = sourcecode.c.objc; name = AFAutoPurgingImageCache.m; path = "UIKit+AFNetworking/AFAutoPurgingImageCache.m"; sourceTree = "<group>"; };
		EC28B90F1ED42D4D00E9A052 /* AFImageDownloader.h */ = {isa = PBXFileReference; fileEncoding = 4; lastKnownFileType = sourcecode.c.h; name = AFImageDownloader.h; path = "UIKit+AFNetworking/AFImageDownloader.h"; sourceTree = "<group>"; };
		EC28B9101ED42D4D00E9A052 /* AFImageDownloader.m */ = {isa = PBXFileReference; fileEncoding = 4; lastKnownFileType = sourcecode.c.objc; name = AFImageDownloader.m; path = "UIKit+AFNetworking/AFImageDownloader.m"; sourceTree = "<group>"; };
		EC28B9111ED42D4D00E9A052 /* AFNetworkActivityIndicatorManager.h */ = {isa = PBXFileReference; fileEncoding = 4; lastKnownFileType = sourcecode.c.h; name = AFNetworkActivityIndicatorManager.h; path = "UIKit+AFNetworking/AFNetworkActivityIndicatorManager.h"; sourceTree = "<group>"; };
		EC28B9121ED42D4D00E9A052 /* AFNetworkActivityIndicatorManager.m */ = {isa = PBXFileReference; fileEncoding = 4; lastKnownFileType = sourcecode.c.objc; name = AFNetworkActivityIndicatorManager.m; path = "UIKit+AFNetworking/AFNetworkActivityIndicatorManager.m"; sourceTree = "<group>"; };
		EC28B9131ED42D4D00E9A052 /* UIActivityIndicatorView+AFNetworking.h */ = {isa = PBXFileReference; fileEncoding = 4; lastKnownFileType = sourcecode.c.h; name = "UIActivityIndicatorView+AFNetworking.h"; path = "UIKit+AFNetworking/UIActivityIndicatorView+AFNetworking.h"; sourceTree = "<group>"; };
		EC28B9141ED42D4D00E9A052 /* UIActivityIndicatorView+AFNetworking.m */ = {isa = PBXFileReference; fileEncoding = 4; lastKnownFileType = sourcecode.c.objc; name = "UIActivityIndicatorView+AFNetworking.m"; path = "UIKit+AFNetworking/UIActivityIndicatorView+AFNetworking.m"; sourceTree = "<group>"; };
		EC28B9151ED42D4D00E9A052 /* UIButton+AFNetworking.h */ = {isa = PBXFileReference; fileEncoding = 4; lastKnownFileType = sourcecode.c.h; name = "UIButton+AFNetworking.h"; path = "UIKit+AFNetworking/UIButton+AFNetworking.h"; sourceTree = "<group>"; };
		EC28B9161ED42D4D00E9A052 /* UIButton+AFNetworking.m */ = {isa = PBXFileReference; fileEncoding = 4; lastKnownFileType = sourcecode.c.objc; name = "UIButton+AFNetworking.m"; path = "UIKit+AFNetworking/UIButton+AFNetworking.m"; sourceTree = "<group>"; };
		EC28B9171ED42D4D00E9A052 /* UIImage+AFNetworking.h */ = {isa = PBXFileReference; fileEncoding = 4; lastKnownFileType = sourcecode.c.h; name = "UIImage+AFNetworking.h"; path = "UIKit+AFNetworking/UIImage+AFNetworking.h"; sourceTree = "<group>"; };
		EC28B9181ED42D4D00E9A052 /* UIImageView+AFNetworking.h */ = {isa = PBXFileReference; fileEncoding = 4; lastKnownFileType = sourcecode.c.h; name = "UIImageView+AFNetworking.h"; path = "UIKit+AFNetworking/UIImageView+AFNetworking.h"; sourceTree = "<group>"; };
		EC28B9191ED42D4D00E9A052 /* UIImageView+AFNetworking.m */ = {isa = PBXFileReference; fileEncoding = 4; lastKnownFileType = sourcecode.c.objc; name = "UIImageView+AFNetworking.m"; path = "UIKit+AFNetworking/UIImageView+AFNetworking.m"; sourceTree = "<group>"; };
		EC28B91A1ED42D4D00E9A052 /* UIKit+AFNetworking.h */ = {isa = PBXFileReference; fileEncoding = 4; lastKnownFileType = sourcecode.c.h; name = "UIKit+AFNetworking.h"; path = "UIKit+AFNetworking/UIKit+AFNetworking.h"; sourceTree = "<group>"; };
		EC28B91B1ED42D4D00E9A052 /* UIProgressView+AFNetworking.h */ = {isa = PBXFileReference; fileEncoding = 4; lastKnownFileType = sourcecode.c.h; name = "UIProgressView+AFNetworking.h"; path = "UIKit+AFNetworking/UIProgressView+AFNetworking.h"; sourceTree = "<group>"; };
		EC28B91C1ED42D4D00E9A052 /* UIProgressView+AFNetworking.m */ = {isa = PBXFileReference; fileEncoding = 4; lastKnownFileType = sourcecode.c.objc; name = "UIProgressView+AFNetworking.m"; path = "UIKit+AFNetworking/UIProgressView+AFNetworking.m"; sourceTree = "<group>"; };
		EC28B91D1ED42D4D00E9A052 /* UIRefreshControl+AFNetworking.h */ = {isa = PBXFileReference; fileEncoding = 4; lastKnownFileType = sourcecode.c.h; name = "UIRefreshControl+AFNetworking.h"; path = "UIKit+AFNetworking/UIRefreshControl+AFNetworking.h"; sourceTree = "<group>"; };
		EC28B91E1ED42D4D00E9A052 /* UIRefreshControl+AFNetworking.m */ = {isa = PBXFileReference; fileEncoding = 4; lastKnownFileType = sourcecode.c.objc; name = "UIRefreshControl+AFNetworking.m"; path = "UIKit+AFNetworking/UIRefreshControl+AFNetworking.m"; sourceTree = "<group>"; };
		EC28B91F1ED42D4D00E9A052 /* UIWebView+AFNetworking.h */ = {isa = PBXFileReference; fileEncoding = 4; lastKnownFileType = sourcecode.c.h; name = "UIWebView+AFNetworking.h"; path = "UIKit+AFNetworking/UIWebView+AFNetworking.h"; sourceTree = "<group>"; };
		EC28B9201ED42D4D00E9A052 /* UIWebView+AFNetworking.m */ = {isa = PBXFileReference; fileEncoding = 4; lastKnownFileType = sourcecode.c.objc; name = "UIWebView+AFNetworking.m"; path = "UIKit+AFNetworking/UIWebView+AFNetworking.m"; sourceTree = "<group>"; };
		EC28B92A1ED42D5800E9A052 /* AFAppDotNetAPIClient.h */ = {isa = PBXFileReference; fileEncoding = 4; lastKnownFileType = sourcecode.c.h; path = AFAppDotNetAPIClient.h; sourceTree = "<group>"; };
		EC28B92B1ED42D5800E9A052 /* AFAppDotNetAPIClient.m */ = {isa = PBXFileReference; fileEncoding = 4; lastKnownFileType = sourcecode.c.objc; path = AFAppDotNetAPIClient.m; sourceTree = "<group>"; };
		EC28B9BA1ED6889C00E9A052 /* TAAbstractDotView.h */ = {isa = PBXFileReference; fileEncoding = 4; lastKnownFileType = sourcecode.c.h; path = TAAbstractDotView.h; sourceTree = "<group>"; };
		EC28B9BB1ED6889C00E9A052 /* TAAbstractDotView.m */ = {isa = PBXFileReference; fileEncoding = 4; lastKnownFileType = sourcecode.c.objc; path = TAAbstractDotView.m; sourceTree = "<group>"; };
		EC28B9BC1ED6889C00E9A052 /* TAAnimatedDotView.h */ = {isa = PBXFileReference; fileEncoding = 4; lastKnownFileType = sourcecode.c.h; path = TAAnimatedDotView.h; sourceTree = "<group>"; };
		EC28B9BD1ED6889C00E9A052 /* TAAnimatedDotView.m */ = {isa = PBXFileReference; fileEncoding = 4; lastKnownFileType = sourcecode.c.objc; path = TAAnimatedDotView.m; sourceTree = "<group>"; };
		EC28B9BE1ED6889C00E9A052 /* TADotView.h */ = {isa = PBXFileReference; fileEncoding = 4; lastKnownFileType = sourcecode.c.h; path = TADotView.h; sourceTree = "<group>"; };
		EC28B9BF1ED6889C00E9A052 /* TADotView.m */ = {isa = PBXFileReference; fileEncoding = 4; lastKnownFileType = sourcecode.c.objc; path = TADotView.m; sourceTree = "<group>"; };
		EC28B9C01ED6889C00E9A052 /* TAPageControl.h */ = {isa = PBXFileReference; fileEncoding = 4; lastKnownFileType = sourcecode.c.h; path = TAPageControl.h; sourceTree = "<group>"; };
		EC28B9C11ED6889C00E9A052 /* TAPageControl.m */ = {isa = PBXFileReference; fileEncoding = 4; lastKnownFileType = sourcecode.c.objc; path = TAPageControl.m; sourceTree = "<group>"; };
		EC28B9C21ED6889C00E9A052 /* SDCollectionViewCell.h */ = {isa = PBXFileReference; fileEncoding = 4; lastKnownFileType = sourcecode.c.h; path = SDCollectionViewCell.h; sourceTree = "<group>"; };
		EC28B9C31ED6889C00E9A052 /* SDCollectionViewCell.m */ = {isa = PBXFileReference; fileEncoding = 4; lastKnownFileType = sourcecode.c.objc; path = SDCollectionViewCell.m; sourceTree = "<group>"; };
		EC28B9C41ED6889C00E9A052 /* SDCycleScrollView.h */ = {isa = PBXFileReference; fileEncoding = 4; lastKnownFileType = sourcecode.c.h; path = SDCycleScrollView.h; sourceTree = "<group>"; };
		EC28B9C51ED6889C00E9A052 /* SDCycleScrollView.m */ = {isa = PBXFileReference; fileEncoding = 4; lastKnownFileType = sourcecode.c.objc; path = SDCycleScrollView.m; sourceTree = "<group>"; };
		EC28B9C61ED6889C00E9A052 /* UIView+SDExtension.h */ = {isa = PBXFileReference; fileEncoding = 4; lastKnownFileType = sourcecode.c.h; path = "UIView+SDExtension.h"; sourceTree = "<group>"; };
		EC28B9C71ED6889C00E9A052 /* UIView+SDExtension.m */ = {isa = PBXFileReference; fileEncoding = 4; lastKnownFileType = sourcecode.c.objc; path = "UIView+SDExtension.m"; sourceTree = "<group>"; };
		EC28B9D01ED6896800E9A052 /* 005.jpg */ = {isa = PBXFileReference; lastKnownFileType = image.jpeg; path = 005.jpg; sourceTree = "<group>"; };
		EC28B9D11ED6896800E9A052 /* h1.jpg */ = {isa = PBXFileReference; lastKnownFileType = image.jpeg; path = h1.jpg; sourceTree = "<group>"; };
		EC28B9D21ED6896800E9A052 /* h2.jpg */ = {isa = PBXFileReference; lastKnownFileType = image.jpeg; path = h2.jpg; sourceTree = "<group>"; };
		EC28B9D31ED6896800E9A052 /* h3.jpg */ = {isa = PBXFileReference; lastKnownFileType = image.jpeg; path = h3.jpg; sourceTree = "<group>"; };
		EC28B9D41ED6896800E9A052 /* h4.jpg */ = {isa = PBXFileReference; lastKnownFileType = image.jpeg; path = h4.jpg; sourceTree = "<group>"; };
		EC28B9D51ED6896800E9A052 /* pageControlCurrentDot@2x.png */ = {isa = PBXFileReference; lastKnownFileType = image.png; path = "pageControlCurrentDot@2x.png"; sourceTree = "<group>"; };
		EC28B9D61ED6896800E9A052 /* pageControlCurrentDot@3x.png */ = {isa = PBXFileReference; lastKnownFileType = image.png; path = "pageControlCurrentDot@3x.png"; sourceTree = "<group>"; };
		EC28B9D71ED6896800E9A052 /* pageControlDot@2x.png */ = {isa = PBXFileReference; lastKnownFileType = image.png; path = "pageControlDot@2x.png"; sourceTree = "<group>"; };
		EC28B9D81ED6896800E9A052 /* pageControlDot@3x.png */ = {isa = PBXFileReference; lastKnownFileType = image.png; path = "pageControlDot@3x.png"; sourceTree = "<group>"; };
		EC28B9D91ED6896800E9A052 /* placeholder@2x.png */ = {isa = PBXFileReference; lastKnownFileType = image.png; path = "placeholder@2x.png"; sourceTree = "<group>"; };
		EC28BA071ED6C88200E9A052 /* HomeCollectionViewCell.h */ = {isa = PBXFileReference; fileEncoding = 4; lastKnownFileType = sourcecode.c.h; path = HomeCollectionViewCell.h; sourceTree = "<group>"; };
		EC28BA081ED6C88200E9A052 /* HomeCollectionViewCell.m */ = {isa = PBXFileReference; fileEncoding = 4; lastKnownFileType = sourcecode.c.objc; path = HomeCollectionViewCell.m; sourceTree = "<group>"; };
		EC2DA5E91F00DA8A0060F043 /* CPTabBarController.h */ = {isa = PBXFileReference; fileEncoding = 4; lastKnownFileType = sourcecode.c.h; path = CPTabBarController.h; sourceTree = "<group>"; };
		EC2DA5EA1F00DA8A0060F043 /* CPTabBarController.m */ = {isa = PBXFileReference; fileEncoding = 4; lastKnownFileType = sourcecode.c.objc; path = CPTabBarController.m; sourceTree = "<group>"; };
		EC2DA5EC1F00E26D0060F043 /* CPNavigationController.h */ = {isa = PBXFileReference; fileEncoding = 4; lastKnownFileType = sourcecode.c.h; path = CPNavigationController.h; sourceTree = "<group>"; };
		EC2DA5ED1F00E26D0060F043 /* CPNavigationController.m */ = {isa = PBXFileReference; fileEncoding = 4; lastKnownFileType = sourcecode.c.objc; path = CPNavigationController.m; sourceTree = "<group>"; };
		EC2DA5F01F00F9090060F043 /* HomeHeaderView.h */ = {isa = PBXFileReference; fileEncoding = 4; lastKnownFileType = sourcecode.c.h; path = HomeHeaderView.h; sourceTree = "<group>"; };
		EC2DA5F11F00F9090060F043 /* HomeHeaderView.m */ = {isa = PBXFileReference; fileEncoding = 4; lastKnownFileType = sourcecode.c.objc; path = HomeHeaderView.m; sourceTree = "<group>"; };
		EC2DA6201F024EAA0060F043 /* CPTabBar.h */ = {isa = PBXFileReference; fileEncoding = 4; lastKnownFileType = sourcecode.c.h; path = CPTabBar.h; sourceTree = "<group>"; };
		EC2DA6211F024EAA0060F043 /* CPTabBar.m */ = {isa = PBXFileReference; fileEncoding = 4; lastKnownFileType = sourcecode.c.objc; path = CPTabBar.m; sourceTree = "<group>"; };
		EC6A55141EDE6C1A0084D152 /* CookbookModel.h */ = {isa = PBXFileReference; fileEncoding = 4; lastKnownFileType = sourcecode.c.h; path = CookbookModel.h; sourceTree = "<group>"; };
		EC6A55151EDE6C1A0084D152 /* CookbookModel.m */ = {isa = PBXFileReference; fileEncoding = 4; lastKnownFileType = sourcecode.c.objc; path = CookbookModel.m; sourceTree = "<group>"; };
		EC6A55171EDE6F210084D152 /* cookbook.plist */ = {isa = PBXFileReference; fileEncoding = 4; lastKnownFileType = text.plist.xml; path = cookbook.plist; sourceTree = "<group>"; };
		EC6A55401EDFBB180084D152 /* DetailViewController.h */ = {isa = PBXFileReference; fileEncoding = 4; lastKnownFileType = sourcecode.c.h; path = DetailViewController.h; sourceTree = "<group>"; };
		EC6A55411EDFBB180084D152 /* DetailViewController.m */ = {isa = PBXFileReference; fileEncoding = 4; lastKnownFileType = sourcecode.c.objc; path = DetailViewController.m; sourceTree = "<group>"; };
		EC6A55431EDFECFB0084D152 /* UIBarButtonItem+Extension.h */ = {isa = PBXFileReference; fileEncoding = 4; lastKnownFileType = sourcecode.c.h; path = "UIBarButtonItem+Extension.h"; sourceTree = "<group>"; };
		EC6A55441EDFECFB0084D152 /* UIBarButtonItem+Extension.m */ = {isa = PBXFileReference; fileEncoding = 4; lastKnownFileType = sourcecode.c.objc; path = "UIBarButtonItem+Extension.m"; sourceTree = "<group>"; };
		EC6A554F1EE152700084D152 /* SearchViewHeader.h */ = {isa = PBXFileReference; fileEncoding = 4; lastKnownFileType = sourcecode.c.h; path = SearchViewHeader.h; sourceTree = "<group>"; };
		EC6A55501EE152700084D152 /* SearchViewHeader.m */ = {isa = PBXFileReference; fileEncoding = 4; lastKnownFileType = sourcecode.c.objc; path = SearchViewHeader.m; sourceTree = "<group>"; };
		EC6A55521EE5410B0084D152 /* SearchSectionHeader.h */ = {isa = PBXFileReference; fileEncoding = 4; lastKnownFileType = sourcecode.c.h; path = SearchSectionHeader.h; sourceTree = "<group>"; };
		EC6A55531EE5410B0084D152 /* SearchSectionHeader.m */ = {isa = PBXFileReference; fileEncoding = 4; lastKnownFileType = sourcecode.c.objc; path = SearchSectionHeader.m; sourceTree = "<group>"; };
		EC6A55821EE64F9D0084D152 /* searchlist.txt */ = {isa = PBXFileReference; fileEncoding = 4; lastKnownFileType = text; path = searchlist.txt; sourceTree = "<group>"; };
		EC6A55C71EE6A6D10084D152 /* SearchResultTableViewCell.h */ = {isa = PBXFileReference; fileEncoding = 4; lastKnownFileType = sourcecode.c.h; path = SearchResultTableViewCell.h; sourceTree = "<group>"; };
		EC6A55C81EE6A6D10084D152 /* SearchResultTableViewCell.m */ = {isa = PBXFileReference; fileEncoding = 4; lastKnownFileType = sourcecode.c.objc; path = SearchResultTableViewCell.m; sourceTree = "<group>"; };
		EC7058141EE7F66D00EE746F /* SearchResultCell.h */ = {isa = PBXFileReference; lastKnownFileType = sourcecode.c.h; path = SearchResultCell.h; sourceTree = "<group>"; };
		EC7058151EE7F66D00EE746F /* SearchResultCell.m */ = {isa = PBXFileReference; lastKnownFileType = sourcecode.c.objc; path = SearchResultCell.m; sourceTree = "<group>"; };
		EC7058161EE7F66D00EE746F /* SearchResultCell.xib */ = {isa = PBXFileReference; lastKnownFileType = file.xib; path = SearchResultCell.xib; sourceTree = "<group>"; };
		ECD4170C1F050853007F2D50 /* JHUD.h */ = {isa = PBXFileReference; fileEncoding = 4; lastKnownFileType = sourcecode.c.h; path = JHUD.h; sourceTree = "<group>"; };
		ECD4170D1F050853007F2D50 /* JHUD.m */ = {isa = PBXFileReference; fileEncoding = 4; lastKnownFileType = sourcecode.c.objc; path = JHUD.m; sourceTree = "<group>"; };
		ECD4170E1F050853007F2D50 /* JHUDAnimationView.h */ = {isa = PBXFileReference; fileEncoding = 4; lastKnownFileType = sourcecode.c.h; path = JHUDAnimationView.h; sourceTree = "<group>"; };
		ECD4170F1F050853007F2D50 /* JHUDAnimationView.m */ = {isa = PBXFileReference; fileEncoding = 4; lastKnownFileType = sourcecode.c.objc; path = JHUDAnimationView.m; sourceTree = "<group>"; };
		ECD417101F050853007F2D50 /* UIImage+JHUD.h */ = {isa = PBXFileReference; fileEncoding = 4; lastKnownFileType = sourcecode.c.h; path = "UIImage+JHUD.h"; sourceTree = "<group>"; };
		ECD417111F050853007F2D50 /* UIImage+JHUD.m */ = {isa = PBXFileReference; fileEncoding = 4; lastKnownFileType = sourcecode.c.objc; path = "UIImage+JHUD.m"; sourceTree = "<group>"; };
		ECD417121F050853007F2D50 /* UIView+JHUD.h */ = {isa = PBXFileReference; fileEncoding = 4; lastKnownFileType = sourcecode.c.h; path = "UIView+JHUD.h"; sourceTree = "<group>"; };
		ECD417131F050853007F2D50 /* UIView+JHUD.m */ = {isa = PBXFileReference; fileEncoding = 4; lastKnownFileType = sourcecode.c.objc; path = "UIView+JHUD.m"; sourceTree = "<group>"; };
/* End PBXFileReference section */

/* Begin PBXFrameworksBuildPhase section */
		EC28B8791ED02F5E00E9A052 /* Frameworks */ = {
			isa = PBXFrameworksBuildPhase;
			buildActionMask = 2147483647;
			files = (
				EC28B8F31ED429D100E9A052 /* MobileCoreServices.framework in Frameworks */,
				EC28B8F11ED429C300E9A052 /* Security.framework in Frameworks */,
				EC28B8EF1ED4298600E9A052 /* SystemConfiguration.framework in Frameworks */,
				EC28B8ED1ED4297200E9A052 /* CFNetwork.framework in Frameworks */,
				1F7E3AB7B32D077A11739283 /* libPods-caipudaquan.a in Frameworks */,
			);
			runOnlyForDeploymentPostprocessing = 0;
		};
/* End PBXFrameworksBuildPhase section */

/* Begin PBXGroup section */
		11789B17C3E857F9C4BF27D7 /* Pods */ = {
			isa = PBXGroup;
			children = (
				B10185AE0DF27DAF42E04B02 /* Pods-caipudaquan.debug.xcconfig */,
				A116402BC4359FABAFFAD0A6 /* Pods-caipudaquan.release.xcconfig */,
			);
			name = Pods;
			sourceTree = "<group>";
		};
		EC28B8731ED02F5E00E9A052 = {
			isa = PBXGroup;
			children = (
				EC28B87E1ED02F5E00E9A052 /* caipudaquan */,
				EC28B87D1ED02F5E00E9A052 /* Products */,
				EC28B8EB1ED4297200E9A052 /* Frameworks */,
				11789B17C3E857F9C4BF27D7 /* Pods */,
			);
			sourceTree = "<group>";
		};
		EC28B87D1ED02F5E00E9A052 /* Products */ = {
			isa = PBXGroup;
			children = (
				EC28B87C1ED02F5E00E9A052 /* caipudaquan.app */,
			);
			name = Products;
			sourceTree = "<group>";
		};
		EC28B87E1ED02F5E00E9A052 /* caipudaquan */ = {
			isa = PBXGroup;
			children = (
				EC60B21C1F32F5D600DF7C4D /* Data */,
				EC60B21B1F32F5B200DF7C4D /* Module */,
				EC60B21A1F32F56A00DF7C4D /* Images */,
				EC60B2191F32F53900DF7C4D /* Common */,
				EC60B2181F32F51F00DF7C4D /* Category */,
				EC60B2171F32F50B00DF7C4D /* Detail */,
				EC60B2161F32F4EE00DF7C4D /* Search */,
				EC60B2151F32F48100DF7C4D /* Base */,
				EC28B8DB1ED426CD00E9A052 /* libs */,
				EC28B88B1ED02F5E00E9A052 /* Assets.xcassets */,
				EC28B88D1ED02F5E00E9A052 /* LaunchScreen.storyboard */,
				EC28B8901ED02F5E00E9A052 /* Info.plist */,
				EC28B87F1ED02F5E00E9A052 /* Supporting Files */,
				EC28B8DA1ED41A0F00E9A052 /* config.h */,
			);
			path = caipudaquan;
			sourceTree = "<group>";
		};
		EC28B87F1ED02F5E00E9A052 /* Supporting Files */ = {
			isa = PBXGroup;
			children = (
				EC28B8801ED02F5E00E9A052 /* main.m */,
				EC28B8A61ED172F800E9A052 /* PrefixHeader.pch */,
			);
			name = "Supporting Files";
			sourceTree = "<group>";
		};
		EC28B8DB1ED426CD00E9A052 /* libs */ = {
			isa = PBXGroup;
			children = (
				ECD4170B1F050853007F2D50 /* JHUD */,
				EC28B9B81ED6889C00E9A052 /* SDCycleScrollView */,
				EC28B8DC1ED4273800E9A052 /* AFN */,
			);
			name = libs;
			sourceTree = "<group>";
		};
		EC28B8DC1ED4273800E9A052 /* AFN */ = {
			isa = PBXGroup;
			children = (
				EC28B92A1ED42D5800E9A052 /* AFAppDotNetAPIClient.h */,
				EC28B92B1ED42D5800E9A052 /* AFAppDotNetAPIClient.m */,
				EC28B90C1ED42D3300E9A052 /* UIKit+AFNetworking */,
				EC28B8F81ED42D0D00E9A052 /* AFNetworking */,
			);
			name = AFN;
			sourceTree = "<group>";
		};
		EC28B8EB1ED4297200E9A052 /* Frameworks */ = {
			isa = PBXGroup;
			children = (
				EC28B8F61ED42BEC00E9A052 /* libc++.tbd */,
				EC28B8F41ED42BD800E9A052 /* libz.tbd */,
				EC28B8F21ED429D100E9A052 /* MobileCoreServices.framework */,
				EC28B8F01ED429C300E9A052 /* Security.framework */,
				EC28B8EE1ED4298600E9A052 /* SystemConfiguration.framework */,
				EC28B8EC1ED4297200E9A052 /* CFNetwork.framework */,
				5346F37A460F1CB625AF1A6F /* libPods-caipudaquan.a */,
			);
			name = Frameworks;
			sourceTree = "<group>";
		};
		EC28B8F81ED42D0D00E9A052 /* AFNetworking */ = {
			isa = PBXGroup;
			children = (
				EC28B8F91ED42D2400E9A052 /* AFHTTPSessionManager.h */,
				EC28B8FA1ED42D2400E9A052 /* AFHTTPSessionManager.m */,
				EC28B8FB1ED42D2400E9A052 /* AFNetworking.h */,
				EC28B8FC1ED42D2400E9A052 /* AFNetworkReachabilityManager.h */,
				EC28B8FD1ED42D2400E9A052 /* AFNetworkReachabilityManager.m */,
				EC28B8FE1ED42D2400E9A052 /* AFSecurityPolicy.h */,
				EC28B8FF1ED42D2400E9A052 /* AFSecurityPolicy.m */,
				EC28B9001ED42D2400E9A052 /* AFURLRequestSerialization.h */,
				EC28B9011ED42D2400E9A052 /* AFURLRequestSerialization.m */,
				EC28B9021ED42D2400E9A052 /* AFURLResponseSerialization.h */,
				EC28B9031ED42D2400E9A052 /* AFURLResponseSerialization.m */,
				EC28B9041ED42D2400E9A052 /* AFURLSessionManager.h */,
				EC28B9051ED42D2400E9A052 /* AFURLSessionManager.m */,
			);
			name = AFNetworking;
			sourceTree = "<group>";
		};
		EC28B90C1ED42D3300E9A052 /* UIKit+AFNetworking */ = {
			isa = PBXGroup;
			children = (
				EC28B90D1ED42D4D00E9A052 /* AFAutoPurgingImageCache.h */,
				EC28B90E1ED42D4D00E9A052 /* AFAutoPurgingImageCache.m */,
				EC28B90F1ED42D4D00E9A052 /* AFImageDownloader.h */,
				EC28B9101ED42D4D00E9A052 /* AFImageDownloader.m */,
				EC28B9111ED42D4D00E9A052 /* AFNetworkActivityIndicatorManager.h */,
				EC28B9121ED42D4D00E9A052 /* AFNetworkActivityIndicatorManager.m */,
				EC28B9131ED42D4D00E9A052 /* UIActivityIndicatorView+AFNetworking.h */,
				EC28B9141ED42D4D00E9A052 /* UIActivityIndicatorView+AFNetworking.m */,
				EC28B9151ED42D4D00E9A052 /* UIButton+AFNetworking.h */,
				EC28B9161ED42D4D00E9A052 /* UIButton+AFNetworking.m */,
				EC28B9171ED42D4D00E9A052 /* UIImage+AFNetworking.h */,
				EC28B9181ED42D4D00E9A052 /* UIImageView+AFNetworking.h */,
				EC28B9191ED42D4D00E9A052 /* UIImageView+AFNetworking.m */,
				EC28B91A1ED42D4D00E9A052 /* UIKit+AFNetworking.h */,
				EC28B91B1ED42D4D00E9A052 /* UIProgressView+AFNetworking.h */,
				EC28B91C1ED42D4D00E9A052 /* UIProgressView+AFNetworking.m */,
				EC28B91D1ED42D4D00E9A052 /* UIRefreshControl+AFNetworking.h */,
				EC28B91E1ED42D4D00E9A052 /* UIRefreshControl+AFNetworking.m */,
				EC28B91F1ED42D4D00E9A052 /* UIWebView+AFNetworking.h */,
				EC28B9201ED42D4D00E9A052 /* UIWebView+AFNetworking.m */,
			);
			name = "UIKit+AFNetworking";
			sourceTree = "<group>";
		};
		EC28B9B81ED6889C00E9A052 /* SDCycleScrollView */ = {
			isa = PBXGroup;
			children = (
				EC28B9B91ED6889C00E9A052 /* PageControl */,
				EC28B9C21ED6889C00E9A052 /* SDCollectionViewCell.h */,
				EC28B9C31ED6889C00E9A052 /* SDCollectionViewCell.m */,
				EC28B9C41ED6889C00E9A052 /* SDCycleScrollView.h */,
				EC28B9C51ED6889C00E9A052 /* SDCycleScrollView.m */,
				EC28B9C61ED6889C00E9A052 /* UIView+SDExtension.h */,
				EC28B9C71ED6889C00E9A052 /* UIView+SDExtension.m */,
			);
			path = SDCycleScrollView;
			sourceTree = "<group>";
		};
		EC28B9B91ED6889C00E9A052 /* PageControl */ = {
			isa = PBXGroup;
			children = (
				EC28B9BA1ED6889C00E9A052 /* TAAbstractDotView.h */,
				EC28B9BB1ED6889C00E9A052 /* TAAbstractDotView.m */,
				EC28B9BC1ED6889C00E9A052 /* TAAnimatedDotView.h */,
				EC28B9BD1ED6889C00E9A052 /* TAAnimatedDotView.m */,
				EC28B9BE1ED6889C00E9A052 /* TADotView.h */,
				EC28B9BF1ED6889C00E9A052 /* TADotView.m */,
				EC28B9C01ED6889C00E9A052 /* TAPageControl.h */,
				EC28B9C11ED6889C00E9A052 /* TAPageControl.m */,
			);
			path = PageControl;
			sourceTree = "<group>";
		};
		EC60B2151F32F48100DF7C4D /* Base */ = {
			isa = PBXGroup;
			children = (
				EC28B8821ED02F5E00E9A052 /* AppDelegate.h */,
				EC28B8831ED02F5E00E9A052 /* AppDelegate.m */,
				EC2DA5E91F00DA8A0060F043 /* CPTabBarController.h */,
				EC2DA5EA1F00DA8A0060F043 /* CPTabBarController.m */,
				EC2DA5EC1F00E26D0060F043 /* CPNavigationController.h */,
				EC2DA5ED1F00E26D0060F043 /* CPNavigationController.m */,
				EC2DA6201F024EAA0060F043 /* CPTabBar.h */,
				EC2DA6211F024EAA0060F043 /* CPTabBar.m */,
			);
			path = Base;
			sourceTree = "<group>";
		};
		EC60B2161F32F4EE00DF7C4D /* Search */ = {
			isa = PBXGroup;
			children = (
				EC28B8D71ED3377D00E9A052 /* SearchViewController.h */,
				EC28B8D81ED3377D00E9A052 /* SearchViewController.m */,
				EC6A554F1EE152700084D152 /* SearchViewHeader.h */,
				EC6A55501EE152700084D152 /* SearchViewHeader.m */,
				EC6A55521EE5410B0084D152 /* SearchSectionHeader.h */,
				EC6A55531EE5410B0084D152 /* SearchSectionHeader.m */,
				EC6A55C71EE6A6D10084D152 /* SearchResultTableViewCell.h */,
				EC6A55C81EE6A6D10084D152 /* SearchResultTableViewCell.m */,
				EC7058141EE7F66D00EE746F /* SearchResultCell.h */,
				EC7058151EE7F66D00EE746F /* SearchResultCell.m */,
				EC7058161EE7F66D00EE746F /* SearchResultCell.xib */,
			);
			path = Search;
			sourceTree = "<group>";
		};
		EC60B2171F32F50B00DF7C4D /* Detail */ = {
			isa = PBXGroup;
			children = (
				EC6A55401EDFBB180084D152 /* DetailViewController.h */,
				EC6A55411EDFBB180084D152 /* DetailViewController.m */,
			);
			path = Detail;
			sourceTree = "<group>";
		};
		EC60B2181F32F51F00DF7C4D /* Category */ = {
			isa = PBXGroup;
			children = (
				EC286A251ED976A40026D293 /* NSArray+Category.h */,
				EC286A261ED976A40026D293 /* NSArray+Category.m */,
				EC6A55431EDFECFB0084D152 /* UIBarButtonItem+Extension.h */,
				EC6A55441EDFECFB0084D152 /* UIBarButtonItem+Extension.m */,
			);
			path = Category;
			sourceTree = "<group>";
		};
		EC60B2191F32F53900DF7C4D /* Common */ = {
			isa = PBXGroup;
			children = (
				EC286A211ED96A7D0026D293 /* CategoryModel.h */,
				EC286A221ED96A7D0026D293 /* CategoryModel.m */,
				EC6A55141EDE6C1A0084D152 /* CookbookModel.h */,
				EC6A55151EDE6C1A0084D152 /* CookbookModel.m */,
			);
			path = Common;
			sourceTree = "<group>";
		};
		EC60B21A1F32F56A00DF7C4D /* Images */ = {
			isa = PBXGroup;
			children = (
				EC28B9D01ED6896800E9A052 /* 005.jpg */,
				EC28B9D11ED6896800E9A052 /* h1.jpg */,
				EC28B9D21ED6896800E9A052 /* h2.jpg */,
				EC28B9D31ED6896800E9A052 /* h3.jpg */,
				EC28B9D41ED6896800E9A052 /* h4.jpg */,
				EC28B9D51ED6896800E9A052 /* pageControlCurrentDot@2x.png */,
				EC28B9D61ED6896800E9A052 /* pageControlCurrentDot@3x.png */,
				EC28B9D71ED6896800E9A052 /* pageControlDot@2x.png */,
				EC28B9D81ED6896800E9A052 /* pageControlDot@3x.png */,
				EC28B9D91ED6896800E9A052 /* placeholder@2x.png */,
			);
			path = Images;
			sourceTree = "<group>";
		};
		EC60B21B1F32F5B200DF7C4D /* Module */ = {
			isa = PBXGroup;
			children = (
				EC60B2221F32F85100DF7C4D /* Classify */,
				EC60B21E1F32F7FB00DF7C4D /* Home */,
				EC60B21D1F32F7E200DF7C4D /* More */,
			);
			path = Module;
			sourceTree = "<group>";
		};
		EC60B21C1F32F5D600DF7C4D /* Data */ = {
			isa = PBXGroup;
			children = (
				EC6A55821EE64F9D0084D152 /* searchlist.txt */,
				EC28B8B81ED1B00200E9A052 /* fenlei.txt */,
				EC28B8B91ED1B00200E9A052 /* homeData.txt */,
				EC28B8BA1ED1B00200E9A052 /* shicai.txt */,
				EC286A1E1ED960BF0026D293 /* category_hot.plist */,
				EC6A55171EDE6F210084D152 /* cookbook.plist */,
			);
			path = Data;
			sourceTree = "<group>";
		};
		EC60B21D1F32F7E200DF7C4D /* More */ = {
			isa = PBXGroup;
			children = (
				EC28B8961ED12E8300E9A052 /* MoreViewController.h */,
				EC28B8971ED12E8300E9A052 /* MoreViewController.m */,
			);
			path = More;
			sourceTree = "<group>";
		};
		EC60B21E1F32F7FB00DF7C4D /* Home */ = {
			isa = PBXGroup;
			children = (
				EC60B2211F32F83200DF7C4D /* View */,
				EC60B2201F32F82400DF7C4D /* Model */,
				EC60B21F1F32F81100DF7C4D /* Control */,
			);
			path = Home;
			sourceTree = "<group>";
		};
		EC60B21F1F32F81100DF7C4D /* Control */ = {
			isa = PBXGroup;
			children = (
				EC28B89C1ED12EB800E9A052 /* HomeViewController.h */,
				EC28B89D1ED12EB800E9A052 /* HomeViewController.m */,
			);
			path = Control;
			sourceTree = "<group>";
		};
		EC60B2201F32F82400DF7C4D /* Model */ = {
			isa = PBXGroup;
			children = (
			);
			path = Model;
			sourceTree = "<group>";
		};
		EC60B2211F32F83200DF7C4D /* View */ = {
			isa = PBXGroup;
			children = (
				EC28BA071ED6C88200E9A052 /* HomeCollectionViewCell.h */,
				EC28BA081ED6C88200E9A052 /* HomeCollectionViewCell.m */,
				EC286A291ED978320026D293 /* CategoryButton.h */,
				EC286A2A1ED978320026D293 /* CategoryButton.m */,
				EC2DA5F01F00F9090060F043 /* HomeHeaderView.h */,
				EC2DA5F11F00F9090060F043 /* HomeHeaderView.m */,
			);
			path = View;
			sourceTree = "<group>";
		};
		EC60B2221F32F85100DF7C4D /* Classify */ = {
			isa = PBXGroup;
			children = (
				EC60B2261F32F97500DF7C4D /* Controller */,
				EC60B2251F32F95C00DF7C4D /* Tools */,
				EC60B2241F32F8D600DF7C4D /* View */,
			);
			path = Classify;
			sourceTree = "<group>";
		};
		EC60B2231F32F8AF00DF7C4D /* DVSwitch */ = {
			isa = PBXGroup;
			children = (
				EC28B8C61ED1EEA700E9A052 /* DVSwitch.h */,
				EC28B8C71ED1EEA700E9A052 /* DVSwitch.m */,
			);
			path = DVSwitch;
			sourceTree = "<group>";
		};
		EC60B2241F32F8D600DF7C4D /* View */ = {
			isa = PBXGroup;
			children = (
				EC28B8AF1ED17FED00E9A052 /* CollectionViewHeaderView.h */,
				EC28B8B01ED17FED00E9A052 /* CollectionViewHeaderView.m */,
				EC28B8AA1ED17EA600E9A052 /* CollectionViewCell.h */,
				EC28B8AB1ED17EA600E9A052 /* CollectionViewCell.m */,
				EC28B8D61ED3116100E9A052 /* ClassifyProtocol.h */,
				EC28B8A71ED17BC100E9A052 /* LeftTableViewCell.h */,
				EC28B8A81ED17BC100E9A052 /* LeftTableViewCell.m */,
				EC28B8CF1ED2940600E9A052 /* CategoryView.h */,
				EC28B8D01ED2940600E9A052 /* CategoryView.m */,
				EC28B8D21ED2941400E9A052 /* FoodView.h */,
				EC28B8D31ED2941400E9A052 /* FoodView.m */,
				EC60B2231F32F8AF00DF7C4D /* DVSwitch */,
			);
			path = View;
			sourceTree = "<group>";
		};
		EC60B2251F32F95C00DF7C4D /* Tools */ = {
			isa = PBXGroup;
			children = (
				EC28B8B51ED185B200E9A052 /* NSObject+Property.h */,
				EC28B8B61ED185B200E9A052 /* NSObject+Property.m */,
				EC28B8A31ED1710200E9A052 /* CollectionViewFlowLayout.h */,
				EC28B8A41ED1710200E9A052 /* CollectionViewFlowLayout.m */,
			);
			path = Tools;
			sourceTree = "<group>";
		};
		EC60B2261F32F97500DF7C4D /* Controller */ = {
			isa = PBXGroup;
			children = (
				EC28B8991ED12E9C00E9A052 /* ClassifyViewController.h */,
				EC28B89A1ED12E9C00E9A052 /* ClassifyViewController.m */,
			);
			path = Controller;
			sourceTree = "<group>";
		};
		ECD4170B1F050853007F2D50 /* JHUD */ = {
			isa = PBXGroup;
			children = (
				ECD4170C1F050853007F2D50 /* JHUD.h */,
				ECD4170D1F050853007F2D50 /* JHUD.m */,
				ECD4170E1F050853007F2D50 /* JHUDAnimationView.h */,
				ECD4170F1F050853007F2D50 /* JHUDAnimationView.m */,
				ECD417101F050853007F2D50 /* UIImage+JHUD.h */,
				ECD417111F050853007F2D50 /* UIImage+JHUD.m */,
				ECD417121F050853007F2D50 /* UIView+JHUD.h */,
				ECD417131F050853007F2D50 /* UIView+JHUD.m */,
			);
			path = JHUD;
			sourceTree = "<group>";
		};
/* End PBXGroup section */

/* Begin PBXNativeTarget section */
		EC28B87B1ED02F5E00E9A052 /* caipudaquan */ = {
			isa = PBXNativeTarget;
			buildConfigurationList = EC28B8931ED02F5E00E9A052 /* Build configuration list for PBXNativeTarget "caipudaquan" */;
			buildPhases = (
				90AE1E2F68074F7F68A2524D /* [CP] Check Pods Manifest.lock */,
				EC28B8781ED02F5E00E9A052 /* Sources */,
				EC28B8791ED02F5E00E9A052 /* Frameworks */,
				EC28B87A1ED02F5E00E9A052 /* Resources */,
				E318B75706B4C0A58DFEB746 /* [CP] Embed Pods Frameworks */,
				9D38E5ECC2148E163C36ADF7 /* [CP] Copy Pods Resources */,
			);
			buildRules = (
			);
			dependencies = (
			);
			name = caipudaquan;
			productName = caipudaquan;
			productReference = EC28B87C1ED02F5E00E9A052 /* caipudaquan.app */;
			productType = "com.apple.product-type.application";
		};
/* End PBXNativeTarget section */

/* Begin PBXProject section */
		EC28B8741ED02F5E00E9A052 /* Project object */ = {
			isa = PBXProject;
			attributes = {
				LastUpgradeCheck = 0830;
				ORGANIZATIONNAME = xhhl;
				TargetAttributes = {
					EC28B87B1ED02F5E00E9A052 = {
						CreatedOnToolsVersion = 8.3;
						DevelopmentTeam = 8CEF2A8UUW;
						ProvisioningStyle = Automatic;
					};
				};
			};
			buildConfigurationList = EC28B8771ED02F5E00E9A052 /* Build configuration list for PBXProject "caipudaquan" */;
			compatibilityVersion = "Xcode 3.2";
			developmentRegion = English;
			hasScannedForEncodings = 0;
			knownRegions = (
				en,
				Base,
			);
			mainGroup = EC28B8731ED02F5E00E9A052;
			productRefGroup = EC28B87D1ED02F5E00E9A052 /* Products */;
			projectDirPath = "";
			projectRoot = "";
			targets = (
				EC28B87B1ED02F5E00E9A052 /* caipudaquan */,
			);
		};
/* End PBXProject section */

/* Begin PBXResourcesBuildPhase section */
		EC28B87A1ED02F5E00E9A052 /* Resources */ = {
			isa = PBXResourcesBuildPhase;
			buildActionMask = 2147483647;
			files = (
				EC28B9DD1ED6896800E9A052 /* h3.jpg in Resources */,
				EC28B9DF1ED6896800E9A052 /* pageControlCurrentDot@2x.png in Resources */,
				EC28B9E31ED6896800E9A052 /* placeholder@2x.png in Resources */,
				EC6A55831EE64F9D0084D152 /* searchlist.txt in Resources */,
				EC28B9E01ED6896800E9A052 /* pageControlCurrentDot@3x.png in Resources */,
				EC28B9E21ED6896800E9A052 /* pageControlDot@3x.png in Resources */,
				EC6A55181EDE6F210084D152 /* cookbook.plist in Resources */,
				EC28B88F1ED02F5E00E9A052 /* LaunchScreen.storyboard in Resources */,
				EC286A1F1ED960BF0026D293 /* category_hot.plist in Resources */,
				EC28B9DE1ED6896800E9A052 /* h4.jpg in Resources */,
				EC28B8BB1ED1B00200E9A052 /* fenlei.txt in Resources */,
				EC28B8BD1ED1B00200E9A052 /* shicai.txt in Resources */,
				EC28B9E11ED6896800E9A052 /* pageControlDot@2x.png in Resources */,
				EC7058181EE7F66D00EE746F /* SearchResultCell.xib in Resources */,
				EC28B88C1ED02F5E00E9A052 /* Assets.xcassets in Resources */,
				EC28B8BC1ED1B00200E9A052 /* homeData.txt in Resources */,
				EC28B9DC1ED6896800E9A052 /* h2.jpg in Resources */,
				EC28B9DB1ED6896800E9A052 /* h1.jpg in Resources */,
				EC28B9DA1ED6896800E9A052 /* 005.jpg in Resources */,
			);
			runOnlyForDeploymentPostprocessing = 0;
		};
/* End PBXResourcesBuildPhase section */

/* Begin PBXShellScriptBuildPhase section */
		90AE1E2F68074F7F68A2524D /* [CP] Check Pods Manifest.lock */ = {
			isa = PBXShellScriptBuildPhase;
			buildActionMask = 2147483647;
			files = (
			);
			inputPaths = (
			);
			name = "[CP] Check Pods Manifest.lock";
			outputPaths = (
			);
			runOnlyForDeploymentPostprocessing = 0;
			shellPath = /bin/sh;
			shellScript = "diff \"${PODS_ROOT}/../Podfile.lock\" \"${PODS_ROOT}/Manifest.lock\" > /dev/null\nif [ $? != 0 ] ; then\n    # print error to STDERR\n    echo \"error: The sandbox is not in sync with the Podfile.lock. Run 'pod install' or update your CocoaPods installation.\" >&2\n    exit 1\nfi\n";
			showEnvVarsInLog = 0;
		};
		9D38E5ECC2148E163C36ADF7 /* [CP] Copy Pods Resources */ = {
			isa = PBXShellScriptBuildPhase;
			buildActionMask = 2147483647;
			files = (
			);
			inputPaths = (
			);
			name = "[CP] Copy Pods Resources";
			outputPaths = (
			);
			runOnlyForDeploymentPostprocessing = 0;
			shellPath = /bin/sh;
			shellScript = "\"${SRCROOT}/Pods/Target Support Files/Pods-caipudaquan/Pods-caipudaquan-resources.sh\"\n";
			showEnvVarsInLog = 0;
		};
		E318B75706B4C0A58DFEB746 /* [CP] Embed Pods Frameworks */ = {
			isa = PBXShellScriptBuildPhase;
			buildActionMask = 2147483647;
			files = (
			);
			inputPaths = (
			);
			name = "[CP] Embed Pods Frameworks";
			outputPaths = (
			);
			runOnlyForDeploymentPostprocessing = 0;
			shellPath = /bin/sh;
			shellScript = "\"${SRCROOT}/Pods/Target Support Files/Pods-caipudaquan/Pods-caipudaquan-frameworks.sh\"\n";
			showEnvVarsInLog = 0;
		};
/* End PBXShellScriptBuildPhase section */

/* Begin PBXSourcesBuildPhase section */
		EC28B8781ED02F5E00E9A052 /* Sources */ = {
			isa = PBXSourcesBuildPhase;
			buildActionMask = 2147483647;
			files = (
				EC28B9CA1ED6889C00E9A052 /* TADotView.m in Sources */,
				EC28B92C1ED42D5800E9A052 /* AFAppDotNetAPIClient.m in Sources */,
				EC286A231ED96A7D0026D293 /* CategoryModel.m in Sources */,
				EC2DA5F21F00F9090060F043 /* HomeHeaderView.m in Sources */,
				EC6A55C91EE6A6D10084D152 /* SearchResultTableViewCell.m in Sources */,
				EC28B8B21ED17FED00E9A052 /* CollectionViewHeaderView.m in Sources */,
				EC6A55511EE152700084D152 /* SearchViewHeader.m in Sources */,
				EC28B9C91ED6889C00E9A052 /* TAAnimatedDotView.m in Sources */,
				EC28B9CE1ED6889C00E9A052 /* UIView+SDExtension.m in Sources */,
				EC2DA5EB1F00DA8A0060F043 /* CPTabBarController.m in Sources */,
				EC286A2B1ED978320026D293 /* CategoryButton.m in Sources */,
				EC28B9281ED42D4D00E9A052 /* UIRefreshControl+AFNetworking.m in Sources */,
				EC286A271ED976A40026D293 /* NSArray+Category.m in Sources */,
				EC28B9251ED42D4D00E9A052 /* UIButton+AFNetworking.m in Sources */,
				EC28B8C81ED1EEA700E9A052 /* DVSwitch.m in Sources */,
				EC28B9CB1ED6889C00E9A052 /* TAPageControl.m in Sources */,
				EC28B89B1ED12E9C00E9A052 /* ClassifyViewController.m in Sources */,
				EC28B8981ED12E8300E9A052 /* MoreViewController.m in Sources */,
				EC6A55161EDE6C1A0084D152 /* CookbookModel.m in Sources */,
				EC28B8AC1ED17EA600E9A052 /* CollectionViewCell.m in Sources */,
				EC28B8D91ED3377D00E9A052 /* SearchViewController.m in Sources */,
				ECD417171F050853007F2D50 /* UIView+JHUD.m in Sources */,
				EC28B9211ED42D4D00E9A052 /* AFAutoPurgingImageCache.m in Sources */,
				EC2DA6221F024EAA0060F043 /* CPTabBar.m in Sources */,
				EC28B9091ED42D2400E9A052 /* AFURLRequestSerialization.m in Sources */,
				EC2DA5EE1F00E26D0060F043 /* CPNavigationController.m in Sources */,
				EC28B8841ED02F5E00E9A052 /* AppDelegate.m in Sources */,
				EC28B9271ED42D4D00E9A052 /* UIProgressView+AFNetworking.m in Sources */,
				EC28B9081ED42D2400E9A052 /* AFSecurityPolicy.m in Sources */,
				ECD417151F050853007F2D50 /* JHUDAnimationView.m in Sources */,
				EC28B8D41ED2941400E9A052 /* FoodView.m in Sources */,
				ECD417161F050853007F2D50 /* UIImage+JHUD.m in Sources */,
				EC28B9CD1ED6889C00E9A052 /* SDCycleScrollView.m in Sources */,
				EC6A55541EE5410B0084D152 /* SearchSectionHeader.m in Sources */,
				EC28B9241ED42D4D00E9A052 /* UIActivityIndicatorView+AFNetworking.m in Sources */,
				EC28B9071ED42D2400E9A052 /* AFNetworkReachabilityManager.m in Sources */,
				EC28B9C81ED6889C00E9A052 /* TAAbstractDotView.m in Sources */,
				EC6A55421EDFBB180084D152 /* DetailViewController.m in Sources */,
				EC28B9CC1ED6889C00E9A052 /* SDCollectionViewCell.m in Sources */,
				EC28B8D11ED2940600E9A052 /* CategoryView.m in Sources */,
				EC7058171EE7F66D00EE746F /* SearchResultCell.m in Sources */,
				EC28B8A91ED17BC100E9A052 /* LeftTableViewCell.m in Sources */,
				EC28BA091ED6C88200E9A052 /* HomeCollectionViewCell.m in Sources */,
				EC6A55451EDFECFB0084D152 /* UIBarButtonItem+Extension.m in Sources */,
				EC28B90B1ED42D2400E9A052 /* AFURLSessionManager.m in Sources */,
				EC28B9261ED42D4D00E9A052 /* UIImageView+AFNetworking.m in Sources */,
				EC28B8811ED02F5E00E9A052 /* main.m in Sources */,
				EC28B8A51ED1710200E9A052 /* CollectionViewFlowLayout.m in Sources */,
				EC28B8B71ED185B200E9A052 /* NSObject+Property.m in Sources */,
				EC28B9061ED42D2400E9A052 /* AFHTTPSessionManager.m in Sources */,
				EC28B90A1ED42D2400E9A052 /* AFURLResponseSerialization.m in Sources */,
				EC28B89E1ED12EB800E9A052 /* HomeViewController.m in Sources */,
				ECD417141F050853007F2D50 /* JHUD.m in Sources */,
				EC28B9291ED42D4D00E9A052 /* UIWebView+AFNetworking.m in Sources */,
				EC28B9221ED42D4D00E9A052 /* AFImageDownloader.m in Sources */,
				EC28B9231ED42D4D00E9A052 /* AFNetworkActivityIndicatorManager.m in Sources */,
			);
			runOnlyForDeploymentPostprocessing = 0;
		};
/* End PBXSourcesBuildPhase section */

/* Begin PBXVariantGroup section */
		EC28B88D1ED02F5E00E9A052 /* LaunchScreen.storyboard */ = {
			isa = PBXVariantGroup;
			children = (
				EC28B88E1ED02F5E00E9A052 /* Base */,
			);
			name = LaunchScreen.storyboard;
			sourceTree = "<group>";
		};
/* End PBXVariantGroup section */

/* Begin XCBuildConfiguration section */
		EC28B8911ED02F5E00E9A052 /* Debug */ = {
			isa = XCBuildConfiguration;
			buildSettings = {
				ALWAYS_SEARCH_USER_PATHS = NO;
				CLANG_ANALYZER_NONNULL = YES;
				CLANG_ANALYZER_NUMBER_OBJECT_CONVERSION = YES_AGGRESSIVE;
				CLANG_CXX_LANGUAGE_STANDARD = "gnu++0x";
				CLANG_CXX_LIBRARY = "libc++";
				CLANG_ENABLE_MODULES = YES;
				CLANG_ENABLE_OBJC_ARC = YES;
				CLANG_WARN_BOOL_CONVERSION = YES;
				CLANG_WARN_CONSTANT_CONVERSION = YES;
				CLANG_WARN_DIRECT_OBJC_ISA_USAGE = YES_ERROR;
				CLANG_WARN_DOCUMENTATION_COMMENTS = YES;
				CLANG_WARN_EMPTY_BODY = YES;
				CLANG_WARN_ENUM_CONVERSION = YES;
				CLANG_WARN_INFINITE_RECURSION = YES;
				CLANG_WARN_INT_CONVERSION = YES;
				CLANG_WARN_OBJC_ROOT_CLASS = YES_ERROR;
				CLANG_WARN_SUSPICIOUS_MOVE = YES;
				CLANG_WARN_UNREACHABLE_CODE = YES;
				CLANG_WARN__DUPLICATE_METHOD_MATCH = YES;
				"CODE_SIGN_IDENTITY[sdk=iphoneos*]" = "iPhone Developer";
				COPY_PHASE_STRIP = NO;
				DEBUG_INFORMATION_FORMAT = dwarf;
				ENABLE_STRICT_OBJC_MSGSEND = YES;
				ENABLE_TESTABILITY = YES;
				GCC_C_LANGUAGE_STANDARD = gnu99;
				GCC_DYNAMIC_NO_PIC = NO;
				GCC_NO_COMMON_BLOCKS = YES;
				GCC_OPTIMIZATION_LEVEL = 0;
				GCC_PREPROCESSOR_DEFINITIONS = (
					"DEBUG=1",
					"$(inherited)",
				);
				GCC_WARN_64_TO_32_BIT_CONVERSION = YES;
				GCC_WARN_ABOUT_RETURN_TYPE = YES_ERROR;
				GCC_WARN_UNDECLARED_SELECTOR = YES;
				GCC_WARN_UNINITIALIZED_AUTOS = YES_AGGRESSIVE;
				GCC_WARN_UNUSED_FUNCTION = YES;
				GCC_WARN_UNUSED_VARIABLE = YES;
				IPHONEOS_DEPLOYMENT_TARGET = 10.3;
				MTL_ENABLE_DEBUG_INFO = YES;
				ONLY_ACTIVE_ARCH = YES;
				SDKROOT = iphoneos;
			};
			name = Debug;
		};
		EC28B8921ED02F5E00E9A052 /* Release */ = {
			isa = XCBuildConfiguration;
			buildSettings = {
				ALWAYS_SEARCH_USER_PATHS = NO;
				CLANG_ANALYZER_NONNULL = YES;
				CLANG_ANALYZER_NUMBER_OBJECT_CONVERSION = YES_AGGRESSIVE;
				CLANG_CXX_LANGUAGE_STANDARD = "gnu++0x";
				CLANG_CXX_LIBRARY = "libc++";
				CLANG_ENABLE_MODULES = YES;
				CLANG_ENABLE_OBJC_ARC = YES;
				CLANG_WARN_BOOL_CONVERSION = YES;
				CLANG_WARN_CONSTANT_CONVERSION = YES;
				CLANG_WARN_DIRECT_OBJC_ISA_USAGE = YES_ERROR;
				CLANG_WARN_DOCUMENTATION_COMMENTS = YES;
				CLANG_WARN_EMPTY_BODY = YES;
				CLANG_WARN_ENUM_CONVERSION = YES;
				CLANG_WARN_INFINITE_RECURSION = YES;
				CLANG_WARN_INT_CONVERSION = YES;
				CLANG_WARN_OBJC_ROOT_CLASS = YES_ERROR;
				CLANG_WARN_SUSPICIOUS_MOVE = YES;
				CLANG_WARN_UNREACHABLE_CODE = YES;
				CLANG_WARN__DUPLICATE_METHOD_MATCH = YES;
				"CODE_SIGN_IDENTITY[sdk=iphoneos*]" = "iPhone Developer";
				COPY_PHASE_STRIP = NO;
				DEBUG_INFORMATION_FORMAT = "dwarf-with-dsym";
				ENABLE_NS_ASSERTIONS = NO;
				ENABLE_STRICT_OBJC_MSGSEND = YES;
				GCC_C_LANGUAGE_STANDARD = gnu99;
				GCC_NO_COMMON_BLOCKS = YES;
				GCC_WARN_64_TO_32_BIT_CONVERSION = YES;
				GCC_WARN_ABOUT_RETURN_TYPE = YES_ERROR;
				GCC_WARN_UNDECLARED_SELECTOR = YES;
				GCC_WARN_UNINITIALIZED_AUTOS = YES_AGGRESSIVE;
				GCC_WARN_UNUSED_FUNCTION = YES;
				GCC_WARN_UNUSED_VARIABLE = YES;
				IPHONEOS_DEPLOYMENT_TARGET = 10.3;
				MTL_ENABLE_DEBUG_INFO = NO;
				SDKROOT = iphoneos;
				VALIDATE_PRODUCT = YES;
			};
			name = Release;
		};
		EC28B8941ED02F5E00E9A052 /* Debug */ = {
			isa = XCBuildConfiguration;
			baseConfigurationReference = B10185AE0DF27DAF42E04B02 /* Pods-caipudaquan.debug.xcconfig */;
			buildSettings = {
				ASSETCATALOG_COMPILER_APPICON_NAME = AppIcon;
				DEVELOPMENT_TEAM = 8CEF2A8UUW;
				GCC_PREFIX_HEADER = "$(SRCROOT)/$(PROJECT_NAME)/PrefixHeader.pch";
				INFOPLIST_FILE = caipudaquan/Info.plist;
				LD_RUNPATH_SEARCH_PATHS = "$(inherited) @executable_path/Frameworks";
				PRODUCT_BUNDLE_IDENTIFIER = com.xhhl.caipudaquan;
				PRODUCT_NAME = "$(TARGET_NAME)";
			};
			name = Debug;
		};
		EC28B8951ED02F5E00E9A052 /* Release */ = {
			isa = XCBuildConfiguration;
			baseConfigurationReference = A116402BC4359FABAFFAD0A6 /* Pods-caipudaquan.release.xcconfig */;
			buildSettings = {
				ASSETCATALOG_COMPILER_APPICON_NAME = AppIcon;
				DEVELOPMENT_TEAM = 8CEF2A8UUW;
				GCC_PREFIX_HEADER = "$(SRCROOT)/$(PROJECT_NAME)/PrefixHeader.pch";
				INFOPLIST_FILE = caipudaquan/Info.plist;
				LD_RUNPATH_SEARCH_PATHS = "$(inherited) @executable_path/Frameworks";
				PRODUCT_BUNDLE_IDENTIFIER = com.xhhl.caipudaquan;
				PRODUCT_NAME = "$(TARGET_NAME)";
			};
			name = Release;
		};
/* End XCBuildConfiguration section */

/* Begin XCConfigurationList section */
		EC28B8771ED02F5E00E9A052 /* Build configuration list for PBXProject "caipudaquan" */ = {
			isa = XCConfigurationList;
			buildConfigurations = (
				EC28B8911ED02F5E00E9A052 /* Debug */,
				EC28B8921ED02F5E00E9A052 /* Release */,
			);
			defaultConfigurationIsVisible = 0;
			defaultConfigurationName = Release;
		};
		EC28B8931ED02F5E00E9A052 /* Build configuration list for PBXNativeTarget "caipudaquan" */ = {
			isa = XCConfigurationList;
			buildConfigurations = (
				EC28B8941ED02F5E00E9A052 /* Debug */,
				EC28B8951ED02F5E00E9A052 /* Release */,
			);
			defaultConfigurationIsVisible = 0;
			defaultConfigurationName = Release;
		};
/* End XCConfigurationList section */
	};
	rootObject = EC28B8741ED02F5E00E9A052 /* Project object */;
}
